
Microsoft Visual Studio Solution File, Format Version 12.00
# Visual Studio Version 17
VisualStudioVersion = 17.7.34024.191
MinimumVisualStudioVersion = 10.0.40219.1
Project("{FAE04EC0-301F-11D3-BF4B-00C04F79EFBC}") = "Week4Loops", "Week4Loops.csproj", "{9029EA9D-C70A-4E85-ACE0-3E42EF7B273D}"
EndProject
Project("{FAE04EC0-301F-11D3-BF4B-00C04F79EFBC}") = "ForLoopSum", "..\ForLoopSum\ForLoopSum.csproj", "{6C042213-4DAD-4D7D-B5AB-7061E3BA910F}"
EndProject
Project("{FAE04EC0-301F-11D3-BF4B-00C04F79EFBC}") = "RandomNumber", "..\RandomNumber\RandomNumber.csproj", "{9DE785C5-298D-4417-A2B4-C18B20170B28}"
EndProject
Project("{FAE04EC0-301F-11D3-BF4B-00C04F79EFBC}") = "WhileLoops", "..\WhileLoops\WhileLoops.csproj", "{A27711F9-96EC-49A6-BD0E-1E79CFE3903E}"
EndProject
Global
	GlobalSection(SolutionConfigurationPlatforms) = preSolution
		Debug|Any CPU = Debug|Any CPU
		Release|Any CPU = Release|Any CPU
	EndGlobalSection
	GlobalSection(ProjectConfigurationPlatforms) = postSolution
		{9029EA9D-C70A-4E85-ACE0-3E42EF7B273D}.Debug|Any CPU.ActiveCfg = Debug|Any CPU
		{9029EA9D-C70A-4E85-ACE0-3E42EF7B273D}.Debug|Any CPU.Build.0 = Debug|Any CPU
		{9029EA9D-C70A-4E85-ACE0-3E42EF7B273D}.Release|Any CPU.ActiveCfg = Release|Any CPU
		{9029EA9D-C70A-4E85-ACE0-3E42EF7B273D}.Release|Any CPU.Build.0 = Release|Any CPU
		{6C042213-4DAD-4D7D-B5AB-7061E3BA910F}.Debug|Any CPU.ActiveCfg = Debug|Any CPU
		{6C042213-4DAD-4D7D-B5AB-7061E3BA910F}.Debug|Any CPU.Build.0 = Debug|Any CPU
		{6C042213-4DAD-4D7D-B5AB-7061E3BA910F}.Release|Any CPU.ActiveCfg = Release|Any CPU
		{6C042213-4DAD-4D7D-B5AB-7061E3BA910F}.Release|Any CPU.Build.0 = Release|Any CPU
		{9DE785C5-298D-4417-A2B4-C18B20170B28}.Debug|Any CPU.ActiveCfg = Debug|Any CPU
		{9DE785C5-298D-4417-A2B4-C18B20170B28}.Debug|Any CPU.Build.0 = Debug|Any CPU
		{9DE785C5-298D-4417-A2B4-C18B20170B28}.Release|Any CPU.ActiveCfg = Release|Any CPU
		{9DE785C5-298D-4417-A2B4-C18B20170B28}.Release|Any CPU.Build.0 = Release|Any CPU
		{A27711F9-96EC-49A6-BD0E-1E79CFE3903E}.Debug|Any CPU.ActiveCfg = Debug|Any CPU
		{A27711F9-96EC-49A6-BD0E-1E79CFE3903E}.Debug|Any CPU.Build.0 = Debug|Any CPU
		{A27711F9-96EC-49A6-BD0E-1E79CFE3903E}.Release|Any CPU.ActiveCfg = Release|Any CPU
		{A27711F9-96EC-49A6-BD0E-1E79CFE3903E}.Release|Any CPU.Build.0 = Release|Any CPU
	EndGlobalSection
	GlobalSection(SolutionProperties) = preSolution
		HideSolutionNode = FALSE
	EndGlobalSection
	GlobalSection(ExtensibilityGlobals) = postSolution
		SolutionGuid = {6E99C44D-AB84-4057-95C0-A2F52B067FAE}
	EndGlobalSection
EndGlobal
